// !$*UTF8*$!
{
	archiveVersion = 1;
	classes = {
	};
	objectVersion = 55;
	objects = {

/* Begin PBXBuildFile section */
		5A27366228C85470008793CC /* FeedViewModel.swift in Sources */ = {isa = PBXBuildFile; fileRef = 5A27366128C85470008793CC /* FeedViewModel.swift */; };
		5A27366428C8572C008793CC /* Tweet.swift in Sources */ = {isa = PBXBuildFile; fileRef = 5A27366328C8572C008793CC /* Tweet.swift */; };
		5A6754E028C4507D00F1FED2 /* twitterCloneApp.swift in Sources */ = {isa = PBXBuildFile; fileRef = 5A6754DF28C4507D00F1FED2 /* twitterCloneApp.swift */; };
		5A6754E228C4507D00F1FED2 /* ContentView.swift in Sources */ = {isa = PBXBuildFile; fileRef = 5A6754E128C4507D00F1FED2 /* ContentView.swift */; };
		5A6754E428C4508300F1FED2 /* Assets.xcassets in Resources */ = {isa = PBXBuildFile; fileRef = 5A6754E328C4508300F1FED2 /* Assets.xcassets */; };
		5A6754E728C4508300F1FED2 /* Preview Assets.xcassets in Resources */ = {isa = PBXBuildFile; fileRef = 5A6754E628C4508300F1FED2 /* Preview Assets.xcassets */; };
		5A6754F628C4522900F1FED2 /* FeedView.swift in Sources */ = {isa = PBXBuildFile; fileRef = 5A6754F528C4522900F1FED2 /* FeedView.swift */; };
		5A6754F928C4558900F1FED2 /* TweetRowViews.swift in Sources */ = {isa = PBXBuildFile; fileRef = 5A6754F828C4558900F1FED2 /* TweetRowViews.swift */; };
		5A6754FC28C465E600F1FED2 /* MainTabView.swift in Sources */ = {isa = PBXBuildFile; fileRef = 5A6754FB28C465E600F1FED2 /* MainTabView.swift */; };
		5A67550228C467AA00F1FED2 /* ExploreView.swift in Sources */ = {isa = PBXBuildFile; fileRef = 5A67550128C467AA00F1FED2 /* ExploreView.swift */; };
		5A67550428C467D300F1FED2 /* NotificationsView.swift in Sources */ = {isa = PBXBuildFile; fileRef = 5A67550328C467D300F1FED2 /* NotificationsView.swift */; };
		5A67550628C467EA00F1FED2 /* MessagesView.swift in Sources */ = {isa = PBXBuildFile; fileRef = 5A67550528C467EA00F1FED2 /* MessagesView.swift */; };
		5A67550828C467F900F1FED2 /* ProfileView.swift in Sources */ = {isa = PBXBuildFile; fileRef = 5A67550728C467F900F1FED2 /* ProfileView.swift */; };
		5A67550C28C47CDE00F1FED2 /* TweetFilterViewModel.swift in Sources */ = {isa = PBXBuildFile; fileRef = 5A67550B28C47CDE00F1FED2 /* TweetFilterViewModel.swift */; };
		5A67551128C48C4D00F1FED2 /* UserRowView.swift in Sources */ = {isa = PBXBuildFile; fileRef = 5A67551028C48C4D00F1FED2 /* UserRowView.swift */; };
		5A67551628C4905B00F1FED2 /* SideMenuView.swift in Sources */ = {isa = PBXBuildFile; fileRef = 5A67551528C4905B00F1FED2 /* SideMenuView.swift */; };
		5A67551828C4908C00F1FED2 /* SideMenuOptionRowView.swift in Sources */ = {isa = PBXBuildFile; fileRef = 5A67551728C4908C00F1FED2 /* SideMenuOptionRowView.swift */; };
		5A67551A28C490A000F1FED2 /* SideMenuViewModel.swift in Sources */ = {isa = PBXBuildFile; fileRef = 5A67551928C490A000F1FED2 /* SideMenuViewModel.swift */; };
		5A67551C28C496DE00F1FED2 /* UserStatsView.swift in Sources */ = {isa = PBXBuildFile; fileRef = 5A67551B28C496DE00F1FED2 /* UserStatsView.swift */; };
		5A67552128C4B38F00F1FED2 /* NewTweetView.swift in Sources */ = {isa = PBXBuildFile; fileRef = 5A67552028C4B38F00F1FED2 /* NewTweetView.swift */; };
		5A67552328C4B51300F1FED2 /* TextArea.swift in Sources */ = {isa = PBXBuildFile; fileRef = 5A67552228C4B51300F1FED2 /* TextArea.swift */; };
		5A67552828C4C6E500F1FED2 /* LoginView.swift in Sources */ = {isa = PBXBuildFile; fileRef = 5A67552728C4C6E500F1FED2 /* LoginView.swift */; };
		5A67552A28C4C82100F1FED2 /* RoundedShape.swift in Sources */ = {isa = PBXBuildFile; fileRef = 5A67552928C4C82100F1FED2 /* RoundedShape.swift */; };
		5A67552C28C4D01D00F1FED2 /* RegistrationView.swift in Sources */ = {isa = PBXBuildFile; fileRef = 5A67552B28C4D01D00F1FED2 /* RegistrationView.swift */; };
		5A67553028C4D83900F1FED2 /* CustomInputField.swift in Sources */ = {isa = PBXBuildFile; fileRef = 5A67552F28C4D83900F1FED2 /* CustomInputField.swift */; };
		5A67553328C4DA0400F1FED2 /* AuthHeaderView.swift in Sources */ = {isa = PBXBuildFile; fileRef = 5A67553228C4DA0400F1FED2 /* AuthHeaderView.swift */; };
		5A67553528C4E83800F1FED2 /* GoogleService-Info.plist in Resources */ = {isa = PBXBuildFile; fileRef = 5A67553428C4E83800F1FED2 /* GoogleService-Info.plist */; };
		5A67553728C4E85500F1FED2 /* GoogleService-Info.plist in Resources */ = {isa = PBXBuildFile; fileRef = 5A67553628C4E85500F1FED2 /* GoogleService-Info.plist */; };
		5A67553A28C4EB4100F1FED2 /* FirebaseAuth in Frameworks */ = {isa = PBXBuildFile; productRef = 5A67553928C4EB4100F1FED2 /* FirebaseAuth */; };
		5A67553C28C4EB4100F1FED2 /* FirebaseFirestore in Frameworks */ = {isa = PBXBuildFile; productRef = 5A67553B28C4EB4100F1FED2 /* FirebaseFirestore */; };
		5A67553E28C4EB4100F1FED2 /* FirebaseFirestoreSwift in Frameworks */ = {isa = PBXBuildFile; productRef = 5A67553D28C4EB4100F1FED2 /* FirebaseFirestoreSwift */; };
		5A67554028C4EB4100F1FED2 /* FirebaseStorage in Frameworks */ = {isa = PBXBuildFile; productRef = 5A67553F28C4EB4100F1FED2 /* FirebaseStorage */; };
		5A67554328C4ED1900F1FED2 /* AuthViewModel.swift in Sources */ = {isa = PBXBuildFile; fileRef = 5A67554228C4ED1900F1FED2 /* AuthViewModel.swift */; };
		5A67554528C50F4200F1FED2 /* UploadPhotoView.swift in Sources */ = {isa = PBXBuildFile; fileRef = 5A67554428C50F4200F1FED2 /* UploadPhotoView.swift */; };
		5A76E00428C5E34E002B808A /* ImagePicker.swift in Sources */ = {isa = PBXBuildFile; fileRef = 5A76E00328C5E34E002B808A /* ImagePicker.swift */; };
		5A7767E128C8784B00363BB2 /* ProfileViewModel.swift in Sources */ = {isa = PBXBuildFile; fileRef = 5A7767E028C8784B00363BB2 /* ProfileViewModel.swift */; };
		5A81D05D28C647B200E08768 /* ImageUploader.swift in Sources */ = {isa = PBXBuildFile; fileRef = 5A81D05C28C647B200E08768 /* ImageUploader.swift */; };
		5A81D05F28C65F8900E08768 /* UserService.swift in Sources */ = {isa = PBXBuildFile; fileRef = 5A81D05E28C65F8900E08768 /* UserService.swift */; };
		5A81D06128C6659200E08768 /* User.swift in Sources */ = {isa = PBXBuildFile; fileRef = 5A81D06028C6659200E08768 /* User.swift */; };
		5A81D06428C66B1000E08768 /* Kingfisher in Frameworks */ = {isa = PBXBuildFile; productRef = 5A81D06328C66B1000E08768 /* Kingfisher */; };
		5A90854728C78BA3006A736A /* ExploreViewModel.swift in Sources */ = {isa = PBXBuildFile; fileRef = 5A90854628C78BA3006A736A /* ExploreViewModel.swift */; };
		5A90854928C795E4006A736A /* SearchBar.swift in Sources */ = {isa = PBXBuildFile; fileRef = 5A90854828C795E4006A736A /* SearchBar.swift */; };
		5A90854B28C79DBF006A736A /* TweetService.swift in Sources */ = {isa = PBXBuildFile; fileRef = 5A90854A28C79DBF006A736A /* TweetService.swift */; };
		5A90854D28C7A06C006A736A /* UploadTweetViewModel.swift in Sources */ = {isa = PBXBuildFile; fileRef = 5A90854C28C7A06C006A736A /* UploadTweetViewModel.swift */; };
/* End PBXBuildFile section */

/* Begin PBXFileReference section */
		5A27366128C85470008793CC /* FeedViewModel.swift */ = {isa = PBXFileReference; lastKnownFileType = sourcecode.swift; path = FeedViewModel.swift; sourceTree = "<group>"; };
		5A27366328C8572C008793CC /* Tweet.swift */ = {isa = PBXFileReference; lastKnownFileType = sourcecode.swift; path = Tweet.swift; sourceTree = "<group>"; };
		5A6754DC28C4507D00F1FED2 /* twitterClone.app */ = {isa = PBXFileReference; explicitFileType = wrapper.application; includeInIndex = 0; path = twitterClone.app; sourceTree = BUILT_PRODUCTS_DIR; };
		5A6754DF28C4507D00F1FED2 /* twitterCloneApp.swift */ = {isa = PBXFileReference; lastKnownFileType = sourcecode.swift; path = twitterCloneApp.swift; sourceTree = "<group>"; };
		5A6754E128C4507D00F1FED2 /* ContentView.swift */ = {isa = PBXFileReference; lastKnownFileType = sourcecode.swift; path = ContentView.swift; sourceTree = "<group>"; };
		5A6754E328C4508300F1FED2 /* Assets.xcassets */ = {isa = PBXFileReference; lastKnownFileType = folder.assetcatalog; path = Assets.xcassets; sourceTree = "<group>"; };
		5A6754E628C4508300F1FED2 /* Preview Assets.xcassets */ = {isa = PBXFileReference; lastKnownFileType = folder.assetcatalog; path = "Preview Assets.xcassets"; sourceTree = "<group>"; };
		5A6754F528C4522900F1FED2 /* FeedView.swift */ = {isa = PBXFileReference; lastKnownFileType = sourcecode.swift; path = FeedView.swift; sourceTree = "<group>"; };
		5A6754F828C4558900F1FED2 /* TweetRowViews.swift */ = {isa = PBXFileReference; lastKnownFileType = sourcecode.swift; path = TweetRowViews.swift; sourceTree = "<group>"; };
		5A6754FB28C465E600F1FED2 /* MainTabView.swift */ = {isa = PBXFileReference; lastKnownFileType = sourcecode.swift; path = MainTabView.swift; sourceTree = "<group>"; };
		5A67550128C467AA00F1FED2 /* ExploreView.swift */ = {isa = PBXFileReference; lastKnownFileType = sourcecode.swift; path = ExploreView.swift; sourceTree = "<group>"; };
		5A67550328C467D300F1FED2 /* NotificationsView.swift */ = {isa = PBXFileReference; lastKnownFileType = sourcecode.swift; path = NotificationsView.swift; sourceTree = "<group>"; };
		5A67550528C467EA00F1FED2 /* MessagesView.swift */ = {isa = PBXFileReference; lastKnownFileType = sourcecode.swift; path = MessagesView.swift; sourceTree = "<group>"; };
		5A67550728C467F900F1FED2 /* ProfileView.swift */ = {isa = PBXFileReference; lastKnownFileType = sourcecode.swift; path = ProfileView.swift; sourceTree = "<group>"; };
		5A67550B28C47CDE00F1FED2 /* TweetFilterViewModel.swift */ = {isa = PBXFileReference; lastKnownFileType = sourcecode.swift; path = TweetFilterViewModel.swift; sourceTree = "<group>"; };
		5A67551028C48C4D00F1FED2 /* UserRowView.swift */ = {isa = PBXFileReference; lastKnownFileType = sourcecode.swift; path = UserRowView.swift; sourceTree = "<group>"; };
		5A67551528C4905B00F1FED2 /* SideMenuView.swift */ = {isa = PBXFileReference; lastKnownFileType = sourcecode.swift; path = SideMenuView.swift; sourceTree = "<group>"; };
		5A67551728C4908C00F1FED2 /* SideMenuOptionRowView.swift */ = {isa = PBXFileReference; lastKnownFileType = sourcecode.swift; path = SideMenuOptionRowView.swift; sourceTree = "<group>"; };
		5A67551928C490A000F1FED2 /* SideMenuViewModel.swift */ = {isa = PBXFileReference; lastKnownFileType = sourcecode.swift; path = SideMenuViewModel.swift; sourceTree = "<group>"; };
		5A67551B28C496DE00F1FED2 /* UserStatsView.swift */ = {isa = PBXFileReference; lastKnownFileType = sourcecode.swift; path = UserStatsView.swift; sourceTree = "<group>"; };
		5A67552028C4B38F00F1FED2 /* NewTweetView.swift */ = {isa = PBXFileReference; lastKnownFileType = sourcecode.swift; path = NewTweetView.swift; sourceTree = "<group>"; };
		5A67552228C4B51300F1FED2 /* TextArea.swift */ = {isa = PBXFileReference; lastKnownFileType = sourcecode.swift; path = TextArea.swift; sourceTree = "<group>"; };
		5A67552728C4C6E500F1FED2 /* LoginView.swift */ = {isa = PBXFileReference; lastKnownFileType = sourcecode.swift; path = LoginView.swift; sourceTree = "<group>"; };
		5A67552928C4C82100F1FED2 /* RoundedShape.swift */ = {isa = PBXFileReference; lastKnownFileType = sourcecode.swift; path = RoundedShape.swift; sourceTree = "<group>"; };
		5A67552B28C4D01D00F1FED2 /* RegistrationView.swift */ = {isa = PBXFileReference; lastKnownFileType = sourcecode.swift; path = RegistrationView.swift; sourceTree = "<group>"; };
		5A67552F28C4D83900F1FED2 /* CustomInputField.swift */ = {isa = PBXFileReference; lastKnownFileType = sourcecode.swift; path = CustomInputField.swift; sourceTree = "<group>"; };
		5A67553228C4DA0400F1FED2 /* AuthHeaderView.swift */ = {isa = PBXFileReference; lastKnownFileType = sourcecode.swift; path = AuthHeaderView.swift; sourceTree = "<group>"; };
		5A67553428C4E83800F1FED2 /* GoogleService-Info.plist */ = {isa = PBXFileReference; lastKnownFileType = text.plist; path = "GoogleService-Info.plist"; sourceTree = SOURCE_ROOT; };
		5A67553628C4E85500F1FED2 /* GoogleService-Info.plist */ = {isa = PBXFileReference; lastKnownFileType = text.plist; path = "GoogleService-Info.plist"; sourceTree = SOURCE_ROOT; };
		5A67554128C4EC0900F1FED2 /* note.md */ = {isa = PBXFileReference; lastKnownFileType = net.daringfireball.markdown; path = note.md; sourceTree = "<group>"; };
		5A67554228C4ED1900F1FED2 /* AuthViewModel.swift */ = {isa = PBXFileReference; lastKnownFileType = sourcecode.swift; path = AuthViewModel.swift; sourceTree = "<group>"; };
		5A67554428C50F4200F1FED2 /* UploadPhotoView.swift */ = {isa = PBXFileReference; lastKnownFileType = sourcecode.swift; path = UploadPhotoView.swift; sourceTree = "<group>"; };
		5A76E00328C5E34E002B808A /* ImagePicker.swift */ = {isa = PBXFileReference; lastKnownFileType = sourcecode.swift; path = ImagePicker.swift; sourceTree = "<group>"; };
		5A7767E028C8784B00363BB2 /* ProfileViewModel.swift */ = {isa = PBXFileReference; lastKnownFileType = sourcecode.swift; path = ProfileViewModel.swift; sourceTree = "<group>"; };
		5A81D05C28C647B200E08768 /* ImageUploader.swift */ = {isa = PBXFileReference; lastKnownFileType = sourcecode.swift; path = ImageUploader.swift; sourceTree = "<group>"; };
		5A81D05E28C65F8900E08768 /* UserService.swift */ = {isa = PBXFileReference; lastKnownFileType = sourcecode.swift; path = UserService.swift; sourceTree = "<group>"; };
		5A81D06028C6659200E08768 /* User.swift */ = {isa = PBXFileReference; lastKnownFileType = sourcecode.swift; path = User.swift; sourceTree = "<group>"; };
		5A90854628C78BA3006A736A /* ExploreViewModel.swift */ = {isa = PBXFileReference; lastKnownFileType = sourcecode.swift; path = ExploreViewModel.swift; sourceTree = "<group>"; };
		5A90854828C795E4006A736A /* SearchBar.swift */ = {isa = PBXFileReference; lastKnownFileType = sourcecode.swift; path = SearchBar.swift; sourceTree = "<group>"; };
		5A90854A28C79DBF006A736A /* TweetService.swift */ = {isa = PBXFileReference; lastKnownFileType = sourcecode.swift; path = TweetService.swift; sourceTree = "<group>"; };
		5A90854C28C7A06C006A736A /* UploadTweetViewModel.swift */ = {isa = PBXFileReference; lastKnownFileType = sourcecode.swift; path = UploadTweetViewModel.swift; sourceTree = "<group>"; };
/* End PBXFileReference section */

/* Begin PBXFrameworksBuildPhase section */
		5A6754D928C4507D00F1FED2 /* Frameworks */ = {
			isa = PBXFrameworksBuildPhase;
			buildActionMask = 2147483647;
			files = (
				5A67553A28C4EB4100F1FED2 /* FirebaseAuth in Frameworks */,
				5A67554028C4EB4100F1FED2 /* FirebaseStorage in Frameworks */,
				5A67553C28C4EB4100F1FED2 /* FirebaseFirestore in Frameworks */,
				5A67553E28C4EB4100F1FED2 /* FirebaseFirestoreSwift in Frameworks */,
				5A81D06428C66B1000E08768 /* Kingfisher in Frameworks */,
			);
			runOnlyForDeploymentPostprocessing = 0;
		};
/* End PBXFrameworksBuildPhase section */

/* Begin PBXGroup section */
		5A6754D328C4507D00F1FED2 = {
			isa = PBXGroup;
			children = (
				5A6754DE28C4507D00F1FED2 /* twitterClone */,
				5A6754DD28C4507D00F1FED2 /* Products */,
			);
			sourceTree = "<group>";
		};
		5A6754DD28C4507D00F1FED2 /* Products */ = {
			isa = PBXGroup;
			children = (
				5A6754DC28C4507D00F1FED2 /* twitterClone.app */,
			);
			name = Products;
			sourceTree = "<group>";
		};
		5A6754DE28C4507D00F1FED2 /* twitterClone */ = {
			isa = PBXGroup;
			children = (
				5A6754E328C4508300F1FED2 /* Assets.xcassets */,
				5A6754E128C4507D00F1FED2 /* ContentView.swift */,
				5A6754F028C4514F00F1FED2 /* Core */,
				5A6754ED28C4512A00F1FED2 /* Extensions */,
				5A67553628C4E85500F1FED2 /* GoogleService-Info.plist */,
				5A6754EE28C4513F00F1FED2 /* Model */,
				5A67554128C4EC0900F1FED2 /* note.md */,
				5A6754E528C4508300F1FED2 /* Preview Content */,
				5A6754EF28C4514700F1FED2 /* Service */,
				5A6754DF28C4507D00F1FED2 /* twitterCloneApp.swift */,
				5A76E00228C5E329002B808A /* Utils */,
			);
			path = twitterClone;
			sourceTree = "<group>";
		};
		5A6754E528C4508300F1FED2 /* Preview Content */ = {
			isa = PBXGroup;
			children = (
				5A67553428C4E83800F1FED2 /* GoogleService-Info.plist */,
				5A6754E628C4508300F1FED2 /* Preview Assets.xcassets */,
			);
			path = "Preview Content";
			sourceTree = "<group>";
		};
		5A6754ED28C4512A00F1FED2 /* Extensions */ = {
			isa = PBXGroup;
			children = (
			);
			path = Extensions;
			sourceTree = "<group>";
		};
		5A6754EE28C4513F00F1FED2 /* Model */ = {
			isa = PBXGroup;
			children = (
				5A81D06028C6659200E08768 /* User.swift */,
				5A27366328C8572C008793CC /* Tweet.swift */,
			);
			path = Model;
			sourceTree = "<group>";
		};
		5A6754EF28C4514700F1FED2 /* Service */ = {
			isa = PBXGroup;
			children = (
				5A81D05C28C647B200E08768 /* ImageUploader.swift */,
				5A81D05E28C65F8900E08768 /* UserService.swift */,
				5A90854A28C79DBF006A736A /* TweetService.swift */,
			);
			path = Service;
			sourceTree = "<group>";
		};
		5A6754F028C4514F00F1FED2 /* Core */ = {
			isa = PBXGroup;
			children = (
				5A67552428C4C6BB00F1FED2 /* Authentication */,
				5A6754F128C4517700F1FED2 /* Components */,
				5A6754FE28C4676000F1FED2 /* Explore */,
				5A6754F228C4518100F1FED2 /* Feed */,
				5A6754FA28C465D100F1FED2 /* MainTab */,
				5A67550028C4677700F1FED2 /* Messages */,
				5A6754FF28C4676900F1FED2 /* Notifications */,
				5A6754FD28C4675800F1FED2 /* Profile */,
				5A67551228C4903500F1FED2 /* SideMenu */,
				5A67551D28C4B35A00F1FED2 /* UploadTweet */,
			);
			path = Core;
			sourceTree = "<group>";
		};
		5A6754F128C4517700F1FED2 /* Components */ = {
			isa = PBXGroup;
			children = (
				5A67553128C4D9DE00F1FED2 /* Authentication */,
				5A67550F28C48C3900F1FED2 /* Users */,
				5A6754F728C4556A00F1FED2 /* Tweets */,
				5A67552228C4B51300F1FED2 /* TextArea.swift */,
				5A67552928C4C82100F1FED2 /* RoundedShape.swift */,
				5A67552F28C4D83900F1FED2 /* CustomInputField.swift */,
				5A90854828C795E4006A736A /* SearchBar.swift */,
			);
			path = Components;
			sourceTree = "<group>";
		};
		5A6754F228C4518100F1FED2 /* Feed */ = {
			isa = PBXGroup;
			children = (
				5A6754F428C451D100F1FED2 /* View */,
				5A6754F328C451C600F1FED2 /* ViewModels */,
			);
			path = Feed;
			sourceTree = "<group>";
		};
		5A6754F328C451C600F1FED2 /* ViewModels */ = {
			isa = PBXGroup;
			children = (
				5A27366128C85470008793CC /* FeedViewModel.swift */,
			);
			path = ViewModels;
			sourceTree = "<group>";
		};
		5A6754F428C451D100F1FED2 /* View */ = {
			isa = PBXGroup;
			children = (
				5A6754F528C4522900F1FED2 /* FeedView.swift */,
			);
			path = View;
			sourceTree = "<group>";
		};
		5A6754F728C4556A00F1FED2 /* Tweets */ = {
			isa = PBXGroup;
			children = (
				5A6754F828C4558900F1FED2 /* TweetRowViews.swift */,
			);
			path = Tweets;
			sourceTree = "<group>";
		};
		5A6754FA28C465D100F1FED2 /* MainTab */ = {
			isa = PBXGroup;
			children = (
				5A6754FB28C465E600F1FED2 /* MainTabView.swift */,
			);
			path = MainTab;
			sourceTree = "<group>";
		};
		5A6754FD28C4675800F1FED2 /* Profile */ = {
			isa = PBXGroup;
			children = (
				5A67550A28C47CB200F1FED2 /* ViewModels */,
				5A67550928C47CA900F1FED2 /* Views */,
			);
			path = Profile;
			sourceTree = "<group>";
		};
		5A6754FE28C4676000F1FED2 /* Explore */ = {
			isa = PBXGroup;
			children = (
				5A67550E28C48BD400F1FED2 /* ViewModels */,
				5A67550D28C48BC700F1FED2 /* Views */,
			);
			path = Explore;
			sourceTree = "<group>";
		};
		5A6754FF28C4676900F1FED2 /* Notifications */ = {
			isa = PBXGroup;
			children = (
				5A67550328C467D300F1FED2 /* NotificationsView.swift */,
			);
			path = Notifications;
			sourceTree = "<group>";
		};
		5A67550028C4677700F1FED2 /* Messages */ = {
			isa = PBXGroup;
			children = (
				5A67550528C467EA00F1FED2 /* MessagesView.swift */,
			);
			path = Messages;
			sourceTree = "<group>";
		};
		5A67550928C47CA900F1FED2 /* Views */ = {
			isa = PBXGroup;
			children = (
				5A67550728C467F900F1FED2 /* ProfileView.swift */,
			);
			path = Views;
			sourceTree = "<group>";
		};
		5A67550A28C47CB200F1FED2 /* ViewModels */ = {
			isa = PBXGroup;
			children = (
				5A67550B28C47CDE00F1FED2 /* TweetFilterViewModel.swift */,
				5A7767E028C8784B00363BB2 /* ProfileViewModel.swift */,
			);
			path = ViewModels;
			sourceTree = "<group>";
		};
		5A67550D28C48BC700F1FED2 /* Views */ = {
			isa = PBXGroup;
			children = (
				5A67550128C467AA00F1FED2 /* ExploreView.swift */,
			);
			path = Views;
			sourceTree = "<group>";
		};
		5A67550E28C48BD400F1FED2 /* ViewModels */ = {
			isa = PBXGroup;
			children = (
				5A90854628C78BA3006A736A /* ExploreViewModel.swift */,
			);
			path = ViewModels;
			sourceTree = "<group>";
		};
		5A67550F28C48C3900F1FED2 /* Users */ = {
			isa = PBXGroup;
			children = (
				5A67551028C48C4D00F1FED2 /* UserRowView.swift */,
				5A67551B28C496DE00F1FED2 /* UserStatsView.swift */,
			);
			path = Users;
			sourceTree = "<group>";
		};
		5A67551228C4903500F1FED2 /* SideMenu */ = {
			isa = PBXGroup;
			children = (
				5A67551428C4904900F1FED2 /* Views */,
				5A67551328C4904000F1FED2 /* ViewModel */,
			);
			path = SideMenu;
			sourceTree = "<group>";
		};
		5A67551328C4904000F1FED2 /* ViewModel */ = {
			isa = PBXGroup;
			children = (
				5A67551928C490A000F1FED2 /* SideMenuViewModel.swift */,
			);
			path = ViewModel;
			sourceTree = "<group>";
		};
		5A67551428C4904900F1FED2 /* Views */ = {
			isa = PBXGroup;
			children = (
				5A67551528C4905B00F1FED2 /* SideMenuView.swift */,
				5A67551728C4908C00F1FED2 /* SideMenuOptionRowView.swift */,
			);
			path = Views;
			sourceTree = "<group>";
		};
		5A67551D28C4B35A00F1FED2 /* UploadTweet */ = {
			isa = PBXGroup;
			children = (
				5A67551F28C4B37400F1FED2 /* ViewModels */,
				5A67551E28C4B36A00F1FED2 /* Views */,
			);
			path = UploadTweet;
			sourceTree = "<group>";
		};
		5A67551E28C4B36A00F1FED2 /* Views */ = {
			isa = PBXGroup;
			children = (
				5A67552028C4B38F00F1FED2 /* NewTweetView.swift */,
			);
			path = Views;
			sourceTree = "<group>";
		};
		5A67551F28C4B37400F1FED2 /* ViewModels */ = {
			isa = PBXGroup;
			children = (
				5A90854C28C7A06C006A736A /* UploadTweetViewModel.swift */,
			);
			path = ViewModels;
			sourceTree = "<group>";
		};
		5A67552428C4C6BB00F1FED2 /* Authentication */ = {
			isa = PBXGroup;
			children = (
				5A67552628C4C6CD00F1FED2 /* ViewModel */,
				5A67552528C4C6C700F1FED2 /* Views */,
			);
			path = Authentication;
			sourceTree = "<group>";
		};
		5A67552528C4C6C700F1FED2 /* Views */ = {
			isa = PBXGroup;
			children = (
				5A67552728C4C6E500F1FED2 /* LoginView.swift */,
				5A67552B28C4D01D00F1FED2 /* RegistrationView.swift */,
				5A67554428C50F4200F1FED2 /* UploadPhotoView.swift */,
			);
			path = Views;
			sourceTree = "<group>";
		};
		5A67552628C4C6CD00F1FED2 /* ViewModel */ = {
			isa = PBXGroup;
			children = (
				5A67554228C4ED1900F1FED2 /* AuthViewModel.swift */,
			);
			path = ViewModel;
			sourceTree = "<group>";
		};
		5A67553128C4D9DE00F1FED2 /* Authentication */ = {
			isa = PBXGroup;
			children = (
				5A67553228C4DA0400F1FED2 /* AuthHeaderView.swift */,
			);
			path = Authentication;
			sourceTree = "<group>";
		};
		5A76E00228C5E329002B808A /* Utils */ = {
			isa = PBXGroup;
			children = (
				5A76E00328C5E34E002B808A /* ImagePicker.swift */,
			);
			path = Utils;
			sourceTree = "<group>";
		};
/* End PBXGroup section */

/* Begin PBXNativeTarget section */
		5A6754DB28C4507D00F1FED2 /* twitterClone */ = {
			isa = PBXNativeTarget;
			buildConfigurationList = 5A6754EA28C4508300F1FED2 /* Build configuration list for PBXNativeTarget "twitterClone" */;
			buildPhases = (
				5A6754D828C4507D00F1FED2 /* Sources */,
				5A6754D928C4507D00F1FED2 /* Frameworks */,
				5A6754DA28C4507D00F1FED2 /* Resources */,
			);
			buildRules = (
			);
			dependencies = (
			);
			name = twitterClone;
			packageProductDependencies = (
				5A67553928C4EB4100F1FED2 /* FirebaseAuth */,
				5A67553B28C4EB4100F1FED2 /* FirebaseFirestore */,
				5A67553D28C4EB4100F1FED2 /* FirebaseFirestoreSwift */,
				5A67553F28C4EB4100F1FED2 /* FirebaseStorage */,
				5A81D06328C66B1000E08768 /* Kingfisher */,
			);
			productName = twitterClone;
			productReference = 5A6754DC28C4507D00F1FED2 /* twitterClone.app */;
			productType = "com.apple.product-type.application";
		};
/* End PBXNativeTarget section */

/* Begin PBXProject section */
		5A6754D428C4507D00F1FED2 /* Project object */ = {
			isa = PBXProject;
			attributes = {
				BuildIndependentTargetsInParallel = 1;
				LastSwiftUpdateCheck = 1340;
				LastUpgradeCheck = 1340;
				TargetAttributes = {
					5A6754DB28C4507D00F1FED2 = {
						CreatedOnToolsVersion = 13.4.1;
					};
				};
			};
			buildConfigurationList = 5A6754D728C4507D00F1FED2 /* Build configuration list for PBXProject "twitterClone" */;
			compatibilityVersion = "Xcode 13.0";
			developmentRegion = en;
			hasScannedForEncodings = 0;
			knownRegions = (
				en,
				Base,
			);
			mainGroup = 5A6754D328C4507D00F1FED2;
			packageReferences = (
				5A67553828C4EB4100F1FED2 /* XCRemoteSwiftPackageReference "firebase-ios-sdk" */,
				5A81D06228C66B0F00E08768 /* XCRemoteSwiftPackageReference "Kingfisher" */,
			);
			productRefGroup = 5A6754DD28C4507D00F1FED2 /* Products */;
			projectDirPath = "";
			projectRoot = "";
			targets = (
				5A6754DB28C4507D00F1FED2 /* twitterClone */,
			);
		};
/* End PBXProject section */

/* Begin PBXResourcesBuildPhase section */
		5A6754DA28C4507D00F1FED2 /* Resources */ = {
			isa = PBXResourcesBuildPhase;
			buildActionMask = 2147483647;
			files = (
				5A6754E728C4508300F1FED2 /* Preview Assets.xcassets in Resources */,
				5A67553728C4E85500F1FED2 /* GoogleService-Info.plist in Resources */,
				5A6754E428C4508300F1FED2 /* Assets.xcassets in Resources */,
				5A67553528C4E83800F1FED2 /* GoogleService-Info.plist in Resources */,
			);
			runOnlyForDeploymentPostprocessing = 0;
		};
/* End PBXResourcesBuildPhase section */

/* Begin PBXSourcesBuildPhase section */
		5A6754D828C4507D00F1FED2 /* Sources */ = {
			isa = PBXSourcesBuildPhase;
			buildActionMask = 2147483647;
			files = (
				5A67550628C467EA00F1FED2 /* MessagesView.swift in Sources */,
				5A67550828C467F900F1FED2 /* ProfileView.swift in Sources */,
				5A81D05F28C65F8900E08768 /* UserService.swift in Sources */,
				5A76E00428C5E34E002B808A /* ImagePicker.swift in Sources */,
				5A6754E228C4507D00F1FED2 /* ContentView.swift in Sources */,
				5A27366428C8572C008793CC /* Tweet.swift in Sources */,
				5A27366228C85470008793CC /* FeedViewModel.swift in Sources */,
				5A67551828C4908C00F1FED2 /* SideMenuOptionRowView.swift in Sources */,
				5A81D05D28C647B200E08768 /* ImageUploader.swift in Sources */,
				5A67553028C4D83900F1FED2 /* CustomInputField.swift in Sources */,
				5A6754F928C4558900F1FED2 /* TweetRowViews.swift in Sources */,
				5A67550C28C47CDE00F1FED2 /* TweetFilterViewModel.swift in Sources */,
				5A6754F628C4522900F1FED2 /* FeedView.swift in Sources */,
				5A67551628C4905B00F1FED2 /* SideMenuView.swift in Sources */,
				5A90854728C78BA3006A736A /* ExploreViewModel.swift in Sources */,
				5A6754E028C4507D00F1FED2 /* twitterCloneApp.swift in Sources */,
				5A67550228C467AA00F1FED2 /* ExploreView.swift in Sources */,
				5A90854D28C7A06C006A736A /* UploadTweetViewModel.swift in Sources */,
				5A90854B28C79DBF006A736A /* TweetService.swift in Sources */,
				5A67552328C4B51300F1FED2 /* TextArea.swift in Sources */,
				5A67551A28C490A000F1FED2 /* SideMenuViewModel.swift in Sources */,
				5A90854928C795E4006A736A /* SearchBar.swift in Sources */,
				5A67552828C4C6E500F1FED2 /* LoginView.swift in Sources */,
				5A67552128C4B38F00F1FED2 /* NewTweetView.swift in Sources */,
				5A67552A28C4C82100F1FED2 /* RoundedShape.swift in Sources */,
				5A67553328C4DA0400F1FED2 /* AuthHeaderView.swift in Sources */,
				5A81D06128C6659200E08768 /* User.swift in Sources */,
				5A67554328C4ED1900F1FED2 /* AuthViewModel.swift in Sources */,
				5A67554528C50F4200F1FED2 /* UploadPhotoView.swift in Sources */,
				5A67551128C48C4D00F1FED2 /* UserRowView.swift in Sources */,
				5A6754FC28C465E600F1FED2 /* MainTabView.swift in Sources */,
				5A67550428C467D300F1FED2 /* NotificationsView.swift in Sources */,
				5A67551C28C496DE00F1FED2 /* UserStatsView.swift in Sources */,
				5A67552C28C4D01D00F1FED2 /* RegistrationView.swift in Sources */,
				5A7767E128C8784B00363BB2 /* ProfileViewModel.swift in Sources */,
			);
			runOnlyForDeploymentPostprocessing = 0;
		};
/* End PBXSourcesBuildPhase section */

/* Begin XCBuildConfiguration section */
		5A6754E828C4508300F1FED2 /* Debug */ = {
			isa = XCBuildConfiguration;
			buildSettings = {
				ALWAYS_SEARCH_USER_PATHS = NO;
				CLANG_ANALYZER_NONNULL = YES;
				CLANG_ANALYZER_NUMBER_OBJECT_CONVERSION = YES_AGGRESSIVE;
				CLANG_CXX_LANGUAGE_STANDARD = "gnu++17";
				CLANG_ENABLE_MODULES = YES;
				CLANG_ENABLE_OBJC_ARC = YES;
				CLANG_ENABLE_OBJC_WEAK = YES;
				CLANG_WARN_BLOCK_CAPTURE_AUTORELEASING = YES;
				CLANG_WARN_BOOL_CONVERSION = YES;
				CLANG_WARN_COMMA = YES;
				CLANG_WARN_CONSTANT_CONVERSION = YES;
				CLANG_WARN_DEPRECATED_OBJC_IMPLEMENTATIONS = YES;
				CLANG_WARN_DIRECT_OBJC_ISA_USAGE = YES_ERROR;
				CLANG_WARN_DOCUMENTATION_COMMENTS = YES;
				CLANG_WARN_EMPTY_BODY = YES;
				CLANG_WARN_ENUM_CONVERSION = YES;
				CLANG_WARN_INFINITE_RECURSION = YES;
				CLANG_WARN_INT_CONVERSION = YES;
				CLANG_WARN_NON_LITERAL_NULL_CONVERSION = YES;
				CLANG_WARN_OBJC_IMPLICIT_RETAIN_SELF = YES;
				CLANG_WARN_OBJC_LITERAL_CONVERSION = YES;
				CLANG_WARN_OBJC_ROOT_CLASS = YES_ERROR;
				CLANG_WARN_QUOTED_INCLUDE_IN_FRAMEWORK_HEADER = YES;
				CLANG_WARN_RANGE_LOOP_ANALYSIS = YES;
				CLANG_WARN_STRICT_PROTOTYPES = YES;
				CLANG_WARN_SUSPICIOUS_MOVE = YES;
				CLANG_WARN_UNGUARDED_AVAILABILITY = YES_AGGRESSIVE;
				CLANG_WARN_UNREACHABLE_CODE = YES;
				CLANG_WARN__DUPLICATE_METHOD_MATCH = YES;
				COPY_PHASE_STRIP = NO;
				DEBUG_INFORMATION_FORMAT = dwarf;
				ENABLE_STRICT_OBJC_MSGSEND = YES;
				ENABLE_TESTABILITY = YES;
				GCC_C_LANGUAGE_STANDARD = gnu11;
				GCC_DYNAMIC_NO_PIC = NO;
				GCC_NO_COMMON_BLOCKS = YES;
				GCC_OPTIMIZATION_LEVEL = 0;
				GCC_PREPROCESSOR_DEFINITIONS = (
					"DEBUG=1",
					"$(inherited)",
				);
				GCC_WARN_64_TO_32_BIT_CONVERSION = YES;
				GCC_WARN_ABOUT_RETURN_TYPE = YES_ERROR;
				GCC_WARN_UNDECLARED_SELECTOR = YES;
				GCC_WARN_UNINITIALIZED_AUTOS = YES_AGGRESSIVE;
				GCC_WARN_UNUSED_FUNCTION = YES;
				GCC_WARN_UNUSED_VARIABLE = YES;
				IPHONEOS_DEPLOYMENT_TARGET = 15.5;
				MTL_ENABLE_DEBUG_INFO = INCLUDE_SOURCE;
				MTL_FAST_MATH = YES;
				ONLY_ACTIVE_ARCH = YES;
				SDKROOT = iphoneos;
				SWIFT_ACTIVE_COMPILATION_CONDITIONS = DEBUG;
				SWIFT_OPTIMIZATION_LEVEL = "-Onone";
			};
			name = Debug;
		};
		5A6754E928C4508300F1FED2 /* Release */ = {
			isa = XCBuildConfiguration;
			buildSettings = {
				ALWAYS_SEARCH_USER_PATHS = NO;
				CLANG_ANALYZER_NONNULL = YES;
				CLANG_ANALYZER_NUMBER_OBJECT_CONVERSION = YES_AGGRESSIVE;
				CLANG_CXX_LANGUAGE_STANDARD = "gnu++17";
				CLANG_ENABLE_MODULES = YES;
				CLANG_ENABLE_OBJC_ARC = YES;
				CLANG_ENABLE_OBJC_WEAK = YES;
				CLANG_WARN_BLOCK_CAPTURE_AUTORELEASING = YES;
				CLANG_WARN_BOOL_CONVERSION = YES;
				CLANG_WARN_COMMA = YES;
				CLANG_WARN_CONSTANT_CONVERSION = YES;
				CLANG_WARN_DEPRECATED_OBJC_IMPLEMENTATIONS = YES;
				CLANG_WARN_DIRECT_OBJC_ISA_USAGE = YES_ERROR;
				CLANG_WARN_DOCUMENTATION_COMMENTS = YES;
				CLANG_WARN_EMPTY_BODY = YES;
				CLANG_WARN_ENUM_CONVERSION = YES;
				CLANG_WARN_INFINITE_RECURSION = YES;
				CLANG_WARN_INT_CONVERSION = YES;
				CLANG_WARN_NON_LITERAL_NULL_CONVERSION = YES;
				CLANG_WARN_OBJC_IMPLICIT_RETAIN_SELF = YES;
				CLANG_WARN_OBJC_LITERAL_CONVERSION = YES;
				CLANG_WARN_OBJC_ROOT_CLASS = YES_ERROR;
				CLANG_WARN_QUOTED_INCLUDE_IN_FRAMEWORK_HEADER = YES;
				CLANG_WARN_RANGE_LOOP_ANALYSIS = YES;
				CLANG_WARN_STRICT_PROTOTYPES = YES;
				CLANG_WARN_SUSPICIOUS_MOVE = YES;
				CLANG_WARN_UNGUARDED_AVAILABILITY = YES_AGGRESSIVE;
				CLANG_WARN_UNREACHABLE_CODE = YES;
				CLANG_WARN__DUPLICATE_METHOD_MATCH = YES;
				COPY_PHASE_STRIP = NO;
				DEBUG_INFORMATION_FORMAT = "dwarf-with-dsym";
				ENABLE_NS_ASSERTIONS = NO;
				ENABLE_STRICT_OBJC_MSGSEND = YES;
				GCC_C_LANGUAGE_STANDARD = gnu11;
				GCC_NO_COMMON_BLOCKS = YES;
				GCC_WARN_64_TO_32_BIT_CONVERSION = YES;
				GCC_WARN_ABOUT_RETURN_TYPE = YES_ERROR;
				GCC_WARN_UNDECLARED_SELECTOR = YES;
				GCC_WARN_UNINITIALIZED_AUTOS = YES_AGGRESSIVE;
				GCC_WARN_UNUSED_FUNCTION = YES;
				GCC_WARN_UNUSED_VARIABLE = YES;
				IPHONEOS_DEPLOYMENT_TARGET = 15.5;
				MTL_ENABLE_DEBUG_INFO = NO;
				MTL_FAST_MATH = YES;
				SDKROOT = iphoneos;
				SWIFT_COMPILATION_MODE = wholemodule;
				SWIFT_OPTIMIZATION_LEVEL = "-O";
				VALIDATE_PRODUCT = YES;
			};
			name = Release;
		};
		5A6754EB28C4508300F1FED2 /* Debug */ = {
			isa = XCBuildConfiguration;
			buildSettings = {
				ASSETCATALOG_COMPILER_APPICON_NAME = AppIcon;
				ASSETCATALOG_COMPILER_GLOBAL_ACCENT_COLOR_NAME = AccentColor;
				CODE_SIGN_STYLE = Automatic;
				CURRENT_PROJECT_VERSION = 1;
				DEVELOPMENT_ASSET_PATHS = "\"twitterClone/Preview Content\"";
				DEVELOPMENT_TEAM = B96FJ29R87;
				ENABLE_PREVIEWS = YES;
				GENERATE_INFOPLIST_FILE = YES;
				INFOPLIST_KEY_UIApplicationSceneManifest_Generation = YES;
				INFOPLIST_KEY_UIApplicationSupportsIndirectInputEvents = YES;
				INFOPLIST_KEY_UILaunchScreen_Generation = YES;
				INFOPLIST_KEY_UISupportedInterfaceOrientations_iPad = "UIInterfaceOrientationPortrait UIInterfaceOrientationPortraitUpsideDown UIInterfaceOrientationLandscapeLeft UIInterfaceOrientationLandscapeRight";
				INFOPLIST_KEY_UISupportedInterfaceOrientations_iPhone = "UIInterfaceOrientationPortrait UIInterfaceOrientationLandscapeLeft UIInterfaceOrientationLandscapeRight";
				LD_RUNPATH_SEARCH_PATHS = (
					"$(inherited)",
					"@executable_path/Frameworks",
				);
				MARKETING_VERSION = 1.0;
				PRODUCT_BUNDLE_IDENTIFIER = com.ngodingbentar.twitterClone;
				PRODUCT_NAME = "$(TARGET_NAME)";
				SWIFT_EMIT_LOC_STRINGS = YES;
				SWIFT_VERSION = 5.0;
				TARGETED_DEVICE_FAMILY = "1,2";
			};
			name = Debug;
		};
		5A6754EC28C4508300F1FED2 /* Release */ = {
			isa = XCBuildConfiguration;
			buildSettings = {
				ASSETCATALOG_COMPILER_APPICON_NAME = AppIcon;
				ASSETCATALOG_COMPILER_GLOBAL_ACCENT_COLOR_NAME = AccentColor;
				CODE_SIGN_STYLE = Automatic;
				CURRENT_PROJECT_VERSION = 1;
				DEVELOPMENT_ASSET_PATHS = "\"twitterClone/Preview Content\"";
				DEVELOPMENT_TEAM = B96FJ29R87;
				ENABLE_PREVIEWS = YES;
				GENERATE_INFOPLIST_FILE = YES;
				INFOPLIST_KEY_UIApplicationSceneManifest_Generation = YES;
				INFOPLIST_KEY_UIApplicationSupportsIndirectInputEvents = YES;
				INFOPLIST_KEY_UILaunchScreen_Generation = YES;
				INFOPLIST_KEY_UISupportedInterfaceOrientations_iPad = "UIInterfaceOrientationPortrait UIInterfaceOrientationPortraitUpsideDown UIInterfaceOrientationLandscapeLeft UIInterfaceOrientationLandscapeRight";
				INFOPLIST_KEY_UISupportedInterfaceOrientations_iPhone = "UIInterfaceOrientationPortrait UIInterfaceOrientationLandscapeLeft UIInterfaceOrientationLandscapeRight";
				LD_RUNPATH_SEARCH_PATHS = (
					"$(inherited)",
					"@executable_path/Frameworks",
				);
				MARKETING_VERSION = 1.0;
				PRODUCT_BUNDLE_IDENTIFIER = com.ngodingbentar.twitterClone;
				PRODUCT_NAME = "$(TARGET_NAME)";
				SWIFT_EMIT_LOC_STRINGS = YES;
				SWIFT_VERSION = 5.0;
				TARGETED_DEVICE_FAMILY = "1,2";
			};
			name = Release;
		};
/* End XCBuildConfiguration section */

/* Begin XCConfigurationList section */
		5A6754D728C4507D00F1FED2 /* Build configuration list for PBXProject "twitterClone" */ = {
			isa = XCConfigurationList;
			buildConfigurations = (
				5A6754E828C4508300F1FED2 /* Debug */,
				5A6754E928C4508300F1FED2 /* Release */,
			);
			defaultConfigurationIsVisible = 0;
			defaultConfigurationName = Release;
		};
		5A6754EA28C4508300F1FED2 /* Build configuration list for PBXNativeTarget "twitterClone" */ = {
			isa = XCConfigurationList;
			buildConfigurations = (
				5A6754EB28C4508300F1FED2 /* Debug */,
				5A6754EC28C4508300F1FED2 /* Release */,
			);
			defaultConfigurationIsVisible = 0;
			defaultConfigurationName = Release;
		};
/* End XCConfigurationList section */

/* Begin XCRemoteSwiftPackageReference section */
		5A67553828C4EB4100F1FED2 /* XCRemoteSwiftPackageReference "firebase-ios-sdk" */ = {
			isa = XCRemoteSwiftPackageReference;
			repositoryURL = "https://github.com/firebase/firebase-ios-sdk";
			requirement = {
				branch = master;
				kind = branch;
			};
		};
		5A81D06228C66B0F00E08768 /* XCRemoteSwiftPackageReference "Kingfisher" */ = {
			isa = XCRemoteSwiftPackageReference;
			repositoryURL = "https://github.com/onevcat/Kingfisher.git";
			requirement = {
				branch = master;
				kind = branch;
			};
		};
/* End XCRemoteSwiftPackageReference section */

/* Begin XCSwiftPackageProductDependency section */
		5A67553928C4EB4100F1FED2 /* FirebaseAuth */ = {
			isa = XCSwiftPackageProductDependency;
			package = 5A67553828C4EB4100F1FED2 /* XCRemoteSwiftPackageReference "firebase-ios-sdk" */;
			productName = FirebaseAuth;
		};
		5A67553B28C4EB4100F1FED2 /* FirebaseFirestore */ = {
			isa = XCSwiftPackageProductDependency;
			package = 5A67553828C4EB4100F1FED2 /* XCRemoteSwiftPackageReference "firebase-ios-sdk" */;
			productName = FirebaseFirestore;
		};
		5A67553D28C4EB4100F1FED2 /* FirebaseFirestoreSwift */ = {
			isa = XCSwiftPackageProductDependency;
			package = 5A67553828C4EB4100F1FED2 /* XCRemoteSwiftPackageReference "firebase-ios-sdk" */;
			productName = FirebaseFirestoreSwift;
		};
		5A67553F28C4EB4100F1FED2 /* FirebaseStorage */ = {
			isa = XCSwiftPackageProductDependency;
			package = 5A67553828C4EB4100F1FED2 /* XCRemoteSwiftPackageReference "firebase-ios-sdk" */;
			productName = FirebaseStorage;
		};
		5A81D06328C66B1000E08768 /* Kingfisher */ = {
			isa = XCSwiftPackageProductDependency;
			package = 5A81D06228C66B0F00E08768 /* XCRemoteSwiftPackageReference "Kingfisher" */;
			productName = Kingfisher;
		};
/* End XCSwiftPackageProductDependency section */
	};
	rootObject = 5A6754D428C4507D00F1FED2 /* Project object */;
}
