// !$*UTF8*$!
{
	archiveVersion = 1;
	classes = {
	};
	objectVersion = 55;
	objects = {

/* Begin PBXBuildFile section */
		5A6754E028C4507D00F1FED2 /* twitterCloneApp.swift in Sources */ = {isa = PBXBuildFile; fileRef = 5A6754DF28C4507D00F1FED2 /* twitterCloneApp.swift */; };
		5A6754E228C4507D00F1FED2 /* ContentView.swift in Sources */ = {isa = PBXBuildFile; fileRef = 5A6754E128C4507D00F1FED2 /* ContentView.swift */; };
		5A6754E428C4508300F1FED2 /* Assets.xcassets in Resources */ = {isa = PBXBuildFile; fileRef = 5A6754E328C4508300F1FED2 /* Assets.xcassets */; };
		5A6754E728C4508300F1FED2 /* Preview Assets.xcassets in Resources */ = {isa = PBXBuildFile; fileRef = 5A6754E628C4508300F1FED2 /* Preview Assets.xcassets */; };
		5A6754F628C4522900F1FED2 /* FeedView.swift in Sources */ = {isa = PBXBuildFile; fileRef = 5A6754F528C4522900F1FED2 /* FeedView.swift */; };
		5A6754F928C4558900F1FED2 /* TweetRowViews.swift in Sources */ = {isa = PBXBuildFile; fileRef = 5A6754F828C4558900F1FED2 /* TweetRowViews.swift */; };
		5A6754FC28C465E600F1FED2 /* MainTabView.swift in Sources */ = {isa = PBXBuildFile; fileRef = 5A6754FB28C465E600F1FED2 /* MainTabView.swift */; };
		5A67550228C467AA00F1FED2 /* ExploreView.swift in Sources */ = {isa = PBXBuildFile; fileRef = 5A67550128C467AA00F1FED2 /* ExploreView.swift */; };
		5A67550428C467D300F1FED2 /* NotificationsView.swift in Sources */ = {isa = PBXBuildFile; fileRef = 5A67550328C467D300F1FED2 /* NotificationsView.swift */; };
		5A67550628C467EA00F1FED2 /* MessagesView.swift in Sources */ = {isa = PBXBuildFile; fileRef = 5A67550528C467EA00F1FED2 /* MessagesView.swift */; };
		5A67550828C467F900F1FED2 /* ProfileView.swift in Sources */ = {isa = PBXBuildFile; fileRef = 5A67550728C467F900F1FED2 /* ProfileView.swift */; };
		5A67550C28C47CDE00F1FED2 /* TweetFilterViewModel.swift in Sources */ = {isa = PBXBuildFile; fileRef = 5A67550B28C47CDE00F1FED2 /* TweetFilterViewModel.swift */; };
/* End PBXBuildFile section */

/* Begin PBXFileReference section */
		5A6754DC28C4507D00F1FED2 /* twitterClone.app */ = {isa = PBXFileReference; explicitFileType = wrapper.application; includeInIndex = 0; path = twitterClone.app; sourceTree = BUILT_PRODUCTS_DIR; };
		5A6754DF28C4507D00F1FED2 /* twitterCloneApp.swift */ = {isa = PBXFileReference; lastKnownFileType = sourcecode.swift; path = twitterCloneApp.swift; sourceTree = "<group>"; };
		5A6754E128C4507D00F1FED2 /* ContentView.swift */ = {isa = PBXFileReference; lastKnownFileType = sourcecode.swift; path = ContentView.swift; sourceTree = "<group>"; };
		5A6754E328C4508300F1FED2 /* Assets.xcassets */ = {isa = PBXFileReference; lastKnownFileType = folder.assetcatalog; path = Assets.xcassets; sourceTree = "<group>"; };
		5A6754E628C4508300F1FED2 /* Preview Assets.xcassets */ = {isa = PBXFileReference; lastKnownFileType = folder.assetcatalog; path = "Preview Assets.xcassets"; sourceTree = "<group>"; };
		5A6754F528C4522900F1FED2 /* FeedView.swift */ = {isa = PBXFileReference; lastKnownFileType = sourcecode.swift; path = FeedView.swift; sourceTree = "<group>"; };
		5A6754F828C4558900F1FED2 /* TweetRowViews.swift */ = {isa = PBXFileReference; lastKnownFileType = sourcecode.swift; path = TweetRowViews.swift; sourceTree = "<group>"; };
		5A6754FB28C465E600F1FED2 /* MainTabView.swift */ = {isa = PBXFileReference; lastKnownFileType = sourcecode.swift; path = MainTabView.swift; sourceTree = "<group>"; };
		5A67550128C467AA00F1FED2 /* ExploreView.swift */ = {isa = PBXFileReference; lastKnownFileType = sourcecode.swift; path = ExploreView.swift; sourceTree = "<group>"; };
		5A67550328C467D300F1FED2 /* NotificationsView.swift */ = {isa = PBXFileReference; lastKnownFileType = sourcecode.swift; path = NotificationsView.swift; sourceTree = "<group>"; };
		5A67550528C467EA00F1FED2 /* MessagesView.swift */ = {isa = PBXFileReference; lastKnownFileType = sourcecode.swift; path = MessagesView.swift; sourceTree = "<group>"; };
		5A67550728C467F900F1FED2 /* ProfileView.swift */ = {isa = PBXFileReference; lastKnownFileType = sourcecode.swift; path = ProfileView.swift; sourceTree = "<group>"; };
		5A67550B28C47CDE00F1FED2 /* TweetFilterViewModel.swift */ = {isa = PBXFileReference; lastKnownFileType = sourcecode.swift; path = TweetFilterViewModel.swift; sourceTree = "<group>"; };
/* End PBXFileReference section */

/* Begin PBXFrameworksBuildPhase section */
		5A6754D928C4507D00F1FED2 /* Frameworks */ = {
			isa = PBXFrameworksBuildPhase;
			buildActionMask = 2147483647;
			files = (
			);
			runOnlyForDeploymentPostprocessing = 0;
		};
/* End PBXFrameworksBuildPhase section */

/* Begin PBXGroup section */
		5A6754D328C4507D00F1FED2 = {
			isa = PBXGroup;
			children = (
				5A6754DE28C4507D00F1FED2 /* twitterClone */,
				5A6754DD28C4507D00F1FED2 /* Products */,
			);
			sourceTree = "<group>";
		};
		5A6754DD28C4507D00F1FED2 /* Products */ = {
			isa = PBXGroup;
			children = (
				5A6754DC28C4507D00F1FED2 /* twitterClone.app */,
			);
			name = Products;
			sourceTree = "<group>";
		};
		5A6754DE28C4507D00F1FED2 /* twitterClone */ = {
			isa = PBXGroup;
			children = (
				5A6754F028C4514F00F1FED2 /* Core */,
				5A6754EF28C4514700F1FED2 /* Service */,
				5A6754EE28C4513F00F1FED2 /* Model */,
				5A6754ED28C4512A00F1FED2 /* Extensions */,
				5A6754DF28C4507D00F1FED2 /* twitterCloneApp.swift */,
				5A6754E128C4507D00F1FED2 /* ContentView.swift */,
				5A6754E328C4508300F1FED2 /* Assets.xcassets */,
				5A6754E528C4508300F1FED2 /* Preview Content */,
			);
			path = twitterClone;
			sourceTree = "<group>";
		};
		5A6754E528C4508300F1FED2 /* Preview Content */ = {
			isa = PBXGroup;
			children = (
				5A6754E628C4508300F1FED2 /* Preview Assets.xcassets */,
			);
			path = "Preview Content";
			sourceTree = "<group>";
		};
		5A6754ED28C4512A00F1FED2 /* Extensions */ = {
			isa = PBXGroup;
			children = (
			);
			path = Extensions;
			sourceTree = "<group>";
		};
		5A6754EE28C4513F00F1FED2 /* Model */ = {
			isa = PBXGroup;
			children = (
			);
			path = Model;
			sourceTree = "<group>";
		};
		5A6754EF28C4514700F1FED2 /* Service */ = {
			isa = PBXGroup;
			children = (
			);
			path = Service;
			sourceTree = "<group>";
		};
		5A6754F028C4514F00F1FED2 /* Core */ = {
			isa = PBXGroup;
			children = (
				5A67550028C4677700F1FED2 /* Messages */,
				5A6754FF28C4676900F1FED2 /* Notifications */,
				5A6754FE28C4676000F1FED2 /* Explore */,
				5A6754FD28C4675800F1FED2 /* Profile */,
				5A6754FA28C465D100F1FED2 /* MainTab */,
				5A6754F228C4518100F1FED2 /* Feed */,
				5A6754F128C4517700F1FED2 /* Components */,
			);
			path = Core;
			sourceTree = "<group>";
		};
		5A6754F128C4517700F1FED2 /* Components */ = {
			isa = PBXGroup;
			children = (
				5A6754F728C4556A00F1FED2 /* Tweets */,
			);
			path = Components;
			sourceTree = "<group>";
		};
		5A6754F228C4518100F1FED2 /* Feed */ = {
			isa = PBXGroup;
			children = (
				5A6754F428C451D100F1FED2 /* View */,
				5A6754F328C451C600F1FED2 /* ViewModels */,
			);
			path = Feed;
			sourceTree = "<group>";
		};
		5A6754F328C451C600F1FED2 /* ViewModels */ = {
			isa = PBXGroup;
			children = (
			);
			path = ViewModels;
			sourceTree = "<group>";
		};
		5A6754F428C451D100F1FED2 /* View */ = {
			isa = PBXGroup;
			children = (
				5A6754F528C4522900F1FED2 /* FeedView.swift */,
			);
			path = View;
			sourceTree = "<group>";
		};
		5A6754F728C4556A00F1FED2 /* Tweets */ = {
			isa = PBXGroup;
			children = (
				5A6754F828C4558900F1FED2 /* TweetRowViews.swift */,
			);
			path = Tweets;
			sourceTree = "<group>";
		};
		5A6754FA28C465D100F1FED2 /* MainTab */ = {
			isa = PBXGroup;
			children = (
				5A6754FB28C465E600F1FED2 /* MainTabView.swift */,
			);
			path = MainTab;
			sourceTree = "<group>";
		};
		5A6754FD28C4675800F1FED2 /* Profile */ = {
			isa = PBXGroup;
			children = (
				5A67550A28C47CB200F1FED2 /* ViewModels */,
				5A67550928C47CA900F1FED2 /* Views */,
			);
			path = Profile;
			sourceTree = "<group>";
		};
		5A6754FE28C4676000F1FED2 /* Explore */ = {
			isa = PBXGroup;
			children = (
				5A67550128C467AA00F1FED2 /* ExploreView.swift */,
			);
			path = Explore;
			sourceTree = "<group>";
		};
		5A6754FF28C4676900F1FED2 /* Notifications */ = {
			isa = PBXGroup;
			children = (
				5A67550328C467D300F1FED2 /* NotificationsView.swift */,
			);
			path = Notifications;
			sourceTree = "<group>";
		};
		5A67550028C4677700F1FED2 /* Messages */ = {
			isa = PBXGroup;
			children = (
				5A67550528C467EA00F1FED2 /* MessagesView.swift */,
			);
			path = Messages;
			sourceTree = "<group>";
		};
		5A67550928C47CA900F1FED2 /* Views */ = {
			isa = PBXGroup;
			children = (
				5A67550728C467F900F1FED2 /* ProfileView.swift */,
			);
			path = Views;
			sourceTree = "<group>";
		};
		5A67550A28C47CB200F1FED2 /* ViewModels */ = {
			isa = PBXGroup;
			children = (
				5A67550B28C47CDE00F1FED2 /* TweetFilterViewModel.swift */,
			);
			path = ViewModels;
			sourceTree = "<group>";
		};
/* End PBXGroup section */

/* Begin PBXNativeTarget section */
		5A6754DB28C4507D00F1FED2 /* twitterClone */ = {
			isa = PBXNativeTarget;
			buildConfigurationList = 5A6754EA28C4508300F1FED2 /* Build configuration list for PBXNativeTarget "twitterClone" */;
			buildPhases = (
				5A6754D828C4507D00F1FED2 /* Sources */,
				5A6754D928C4507D00F1FED2 /* Frameworks */,
				5A6754DA28C4507D00F1FED2 /* Resources */,
			);
			buildRules = (
			);
			dependencies = (
			);
			name = twitterClone;
			productName = twitterClone;
			productReference = 5A6754DC28C4507D00F1FED2 /* twitterClone.app */;
			productType = "com.apple.product-type.application";
		};
/* End PBXNativeTarget section */

/* Begin PBXProject section */
		5A6754D428C4507D00F1FED2 /* Project object */ = {
			isa = PBXProject;
			attributes = {
				BuildIndependentTargetsInParallel = 1;
				LastSwiftUpdateCheck = 1340;
				LastUpgradeCheck = 1340;
				TargetAttributes = {
					5A6754DB28C4507D00F1FED2 = {
						CreatedOnToolsVersion = 13.4.1;
					};
				};
			};
			buildConfigurationList = 5A6754D728C4507D00F1FED2 /* Build configuration list for PBXProject "twitterClone" */;
			compatibilityVersion = "Xcode 13.0";
			developmentRegion = en;
			hasScannedForEncodings = 0;
			knownRegions = (
				en,
				Base,
			);
			mainGroup = 5A6754D328C4507D00F1FED2;
			productRefGroup = 5A6754DD28C4507D00F1FED2 /* Products */;
			projectDirPath = "";
			projectRoot = "";
			targets = (
				5A6754DB28C4507D00F1FED2 /* twitterClone */,
			);
		};
/* End PBXProject section */

/* Begin PBXResourcesBuildPhase section */
		5A6754DA28C4507D00F1FED2 /* Resources */ = {
			isa = PBXResourcesBuildPhase;
			buildActionMask = 2147483647;
			files = (
				5A6754E728C4508300F1FED2 /* Preview Assets.xcassets in Resources */,
				5A6754E428C4508300F1FED2 /* Assets.xcassets in Resources */,
			);
			runOnlyForDeploymentPostprocessing = 0;
		};
/* End PBXResourcesBuildPhase section */

/* Begin PBXSourcesBuildPhase section */
		5A6754D828C4507D00F1FED2 /* Sources */ = {
			isa = PBXSourcesBuildPhase;
			buildActionMask = 2147483647;
			files = (
				5A67550628C467EA00F1FED2 /* MessagesView.swift in Sources */,
				5A67550828C467F900F1FED2 /* ProfileView.swift in Sources */,
				5A6754E228C4507D00F1FED2 /* ContentView.swift in Sources */,
				5A6754F928C4558900F1FED2 /* TweetRowViews.swift in Sources */,
				5A67550C28C47CDE00F1FED2 /* TweetFilterViewModel.swift in Sources */,
				5A6754F628C4522900F1FED2 /* FeedView.swift in Sources */,
				5A6754E028C4507D00F1FED2 /* twitterCloneApp.swift in Sources */,
				5A67550228C467AA00F1FED2 /* ExploreView.swift in Sources */,
				5A6754FC28C465E600F1FED2 /* MainTabView.swift in Sources */,
				5A67550428C467D300F1FED2 /* NotificationsView.swift in Sources */,
			);
			runOnlyForDeploymentPostprocessing = 0;
		};
/* End PBXSourcesBuildPhase section */

/* Begin XCBuildConfiguration section */
		5A6754E828C4508300F1FED2 /* Debug */ = {
			isa = XCBuildConfiguration;
			buildSettings = {
				ALWAYS_SEARCH_USER_PATHS = NO;
				CLANG_ANALYZER_NONNULL = YES;
				CLANG_ANALYZER_NUMBER_OBJECT_CONVERSION = YES_AGGRESSIVE;
				CLANG_CXX_LANGUAGE_STANDARD = "gnu++17";
				CLANG_ENABLE_MODULES = YES;
				CLANG_ENABLE_OBJC_ARC = YES;
				CLANG_ENABLE_OBJC_WEAK = YES;
				CLANG_WARN_BLOCK_CAPTURE_AUTORELEASING = YES;
				CLANG_WARN_BOOL_CONVERSION = YES;
				CLANG_WARN_COMMA = YES;
				CLANG_WARN_CONSTANT_CONVERSION = YES;
				CLANG_WARN_DEPRECATED_OBJC_IMPLEMENTATIONS = YES;
				CLANG_WARN_DIRECT_OBJC_ISA_USAGE = YES_ERROR;
				CLANG_WARN_DOCUMENTATION_COMMENTS = YES;
				CLANG_WARN_EMPTY_BODY = YES;
				CLANG_WARN_ENUM_CONVERSION = YES;
				CLANG_WARN_INFINITE_RECURSION = YES;
				CLANG_WARN_INT_CONVERSION = YES;
				CLANG_WARN_NON_LITERAL_NULL_CONVERSION = YES;
				CLANG_WARN_OBJC_IMPLICIT_RETAIN_SELF = YES;
				CLANG_WARN_OBJC_LITERAL_CONVERSION = YES;
				CLANG_WARN_OBJC_ROOT_CLASS = YES_ERROR;
				CLANG_WARN_QUOTED_INCLUDE_IN_FRAMEWORK_HEADER = YES;
				CLANG_WARN_RANGE_LOOP_ANALYSIS = YES;
				CLANG_WARN_STRICT_PROTOTYPES = YES;
				CLANG_WARN_SUSPICIOUS_MOVE = YES;
				CLANG_WARN_UNGUARDED_AVAILABILITY = YES_AGGRESSIVE;
				CLANG_WARN_UNREACHABLE_CODE = YES;
				CLANG_WARN__DUPLICATE_METHOD_MATCH = YES;
				COPY_PHASE_STRIP = NO;
				DEBUG_INFORMATION_FORMAT = dwarf;
				ENABLE_STRICT_OBJC_MSGSEND = YES;
				ENABLE_TESTABILITY = YES;
				GCC_C_LANGUAGE_STANDARD = gnu11;
				GCC_DYNAMIC_NO_PIC = NO;
				GCC_NO_COMMON_BLOCKS = YES;
				GCC_OPTIMIZATION_LEVEL = 0;
				GCC_PREPROCESSOR_DEFINITIONS = (
					"DEBUG=1",
					"$(inherited)",
				);
				GCC_WARN_64_TO_32_BIT_CONVERSION = YES;
				GCC_WARN_ABOUT_RETURN_TYPE = YES_ERROR;
				GCC_WARN_UNDECLARED_SELECTOR = YES;
				GCC_WARN_UNINITIALIZED_AUTOS = YES_AGGRESSIVE;
				GCC_WARN_UNUSED_FUNCTION = YES;
				GCC_WARN_UNUSED_VARIABLE = YES;
				IPHONEOS_DEPLOYMENT_TARGET = 15.5;
				MTL_ENABLE_DEBUG_INFO = INCLUDE_SOURCE;
				MTL_FAST_MATH = YES;
				ONLY_ACTIVE_ARCH = YES;
				SDKROOT = iphoneos;
				SWIFT_ACTIVE_COMPILATION_CONDITIONS = DEBUG;
				SWIFT_OPTIMIZATION_LEVEL = "-Onone";
			};
			name = Debug;
		};
		5A6754E928C4508300F1FED2 /* Release */ = {
			isa = XCBuildConfiguration;
			buildSettings = {
				ALWAYS_SEARCH_USER_PATHS = NO;
				CLANG_ANALYZER_NONNULL = YES;
				CLANG_ANALYZER_NUMBER_OBJECT_CONVERSION = YES_AGGRESSIVE;
				CLANG_CXX_LANGUAGE_STANDARD = "gnu++17";
				CLANG_ENABLE_MODULES = YES;
				CLANG_ENABLE_OBJC_ARC = YES;
				CLANG_ENABLE_OBJC_WEAK = YES;
				CLANG_WARN_BLOCK_CAPTURE_AUTORELEASING = YES;
				CLANG_WARN_BOOL_CONVERSION = YES;
				CLANG_WARN_COMMA = YES;
				CLANG_WARN_CONSTANT_CONVERSION = YES;
				CLANG_WARN_DEPRECATED_OBJC_IMPLEMENTATIONS = YES;
				CLANG_WARN_DIRECT_OBJC_ISA_USAGE = YES_ERROR;
				CLANG_WARN_DOCUMENTATION_COMMENTS = YES;
				CLANG_WARN_EMPTY_BODY = YES;
				CLANG_WARN_ENUM_CONVERSION = YES;
				CLANG_WARN_INFINITE_RECURSION = YES;
				CLANG_WARN_INT_CONVERSION = YES;
				CLANG_WARN_NON_LITERAL_NULL_CONVERSION = YES;
				CLANG_WARN_OBJC_IMPLICIT_RETAIN_SELF = YES;
				CLANG_WARN_OBJC_LITERAL_CONVERSION = YES;
				CLANG_WARN_OBJC_ROOT_CLASS = YES_ERROR;
				CLANG_WARN_QUOTED_INCLUDE_IN_FRAMEWORK_HEADER = YES;
				CLANG_WARN_RANGE_LOOP_ANALYSIS = YES;
				CLANG_WARN_STRICT_PROTOTYPES = YES;
				CLANG_WARN_SUSPICIOUS_MOVE = YES;
				CLANG_WARN_UNGUARDED_AVAILABILITY = YES_AGGRESSIVE;
				CLANG_WARN_UNREACHABLE_CODE = YES;
				CLANG_WARN__DUPLICATE_METHOD_MATCH = YES;
				COPY_PHASE_STRIP = NO;
				DEBUG_INFORMATION_FORMAT = "dwarf-with-dsym";
				ENABLE_NS_ASSERTIONS = NO;
				ENABLE_STRICT_OBJC_MSGSEND = YES;
				GCC_C_LANGUAGE_STANDARD = gnu11;
				GCC_NO_COMMON_BLOCKS = YES;
				GCC_WARN_64_TO_32_BIT_CONVERSION = YES;
				GCC_WARN_ABOUT_RETURN_TYPE = YES_ERROR;
				GCC_WARN_UNDECLARED_SELECTOR = YES;
				GCC_WARN_UNINITIALIZED_AUTOS = YES_AGGRESSIVE;
				GCC_WARN_UNUSED_FUNCTION = YES;
				GCC_WARN_UNUSED_VARIABLE = YES;
				IPHONEOS_DEPLOYMENT_TARGET = 15.5;
				MTL_ENABLE_DEBUG_INFO = NO;
				MTL_FAST_MATH = YES;
				SDKROOT = iphoneos;
				SWIFT_COMPILATION_MODE = wholemodule;
				SWIFT_OPTIMIZATION_LEVEL = "-O";
				VALIDATE_PRODUCT = YES;
			};
			name = Release;
		};
		5A6754EB28C4508300F1FED2 /* Debug */ = {
			isa = XCBuildConfiguration;
			buildSettings = {
				ASSETCATALOG_COMPILER_APPICON_NAME = AppIcon;
				ASSETCATALOG_COMPILER_GLOBAL_ACCENT_COLOR_NAME = AccentColor;
				CODE_SIGN_STYLE = Automatic;
				CURRENT_PROJECT_VERSION = 1;
				DEVELOPMENT_ASSET_PATHS = "\"twitterClone/Preview Content\"";
				DEVELOPMENT_TEAM = B96FJ29R87;
				ENABLE_PREVIEWS = YES;
				GENERATE_INFOPLIST_FILE = YES;
				INFOPLIST_KEY_UIApplicationSceneManifest_Generation = YES;
				INFOPLIST_KEY_UIApplicationSupportsIndirectInputEvents = YES;
				INFOPLIST_KEY_UILaunchScreen_Generation = YES;
				INFOPLIST_KEY_UISupportedInterfaceOrientations_iPad = "UIInterfaceOrientationPortrait UIInterfaceOrientationPortraitUpsideDown UIInterfaceOrientationLandscapeLeft UIInterfaceOrientationLandscapeRight";
				INFOPLIST_KEY_UISupportedInterfaceOrientations_iPhone = "UIInterfaceOrientationPortrait UIInterfaceOrientationLandscapeLeft UIInterfaceOrientationLandscapeRight";
				LD_RUNPATH_SEARCH_PATHS = (
					"$(inherited)",
					"@executable_path/Frameworks",
				);
				MARKETING_VERSION = 1.0;
				PRODUCT_BUNDLE_IDENTIFIER = com.ngodingbentar.twitterClone;
				PRODUCT_NAME = "$(TARGET_NAME)";
				SWIFT_EMIT_LOC_STRINGS = YES;
				SWIFT_VERSION = 5.0;
				TARGETED_DEVICE_FAMILY = "1,2";
			};
			name = Debug;
		};
		5A6754EC28C4508300F1FED2 /* Release */ = {
			isa = XCBuildConfiguration;
			buildSettings = {
				ASSETCATALOG_COMPILER_APPICON_NAME = AppIcon;
				ASSETCATALOG_COMPILER_GLOBAL_ACCENT_COLOR_NAME = AccentColor;
				CODE_SIGN_STYLE = Automatic;
				CURRENT_PROJECT_VERSION = 1;
				DEVELOPMENT_ASSET_PATHS = "\"twitterClone/Preview Content\"";
				DEVELOPMENT_TEAM = B96FJ29R87;
				ENABLE_PREVIEWS = YES;
				GENERATE_INFOPLIST_FILE = YES;
				INFOPLIST_KEY_UIApplicationSceneManifest_Generation = YES;
				INFOPLIST_KEY_UIApplicationSupportsIndirectInputEvents = YES;
				INFOPLIST_KEY_UILaunchScreen_Generation = YES;
				INFOPLIST_KEY_UISupportedInterfaceOrientations_iPad = "UIInterfaceOrientationPortrait UIInterfaceOrientationPortraitUpsideDown UIInterfaceOrientationLandscapeLeft UIInterfaceOrientationLandscapeRight";
				INFOPLIST_KEY_UISupportedInterfaceOrientations_iPhone = "UIInterfaceOrientationPortrait UIInterfaceOrientationLandscapeLeft UIInterfaceOrientationLandscapeRight";
				LD_RUNPATH_SEARCH_PATHS = (
					"$(inherited)",
					"@executable_path/Frameworks",
				);
				MARKETING_VERSION = 1.0;
				PRODUCT_BUNDLE_IDENTIFIER = com.ngodingbentar.twitterClone;
				PRODUCT_NAME = "$(TARGET_NAME)";
				SWIFT_EMIT_LOC_STRINGS = YES;
				SWIFT_VERSION = 5.0;
				TARGETED_DEVICE_FAMILY = "1,2";
			};
			name = Release;
		};
/* End XCBuildConfiguration section */

/* Begin XCConfigurationList section */
		5A6754D728C4507D00F1FED2 /* Build configuration list for PBXProject "twitterClone" */ = {
			isa = XCConfigurationList;
			buildConfigurations = (
				5A6754E828C4508300F1FED2 /* Debug */,
				5A6754E928C4508300F1FED2 /* Release */,
			);
			defaultConfigurationIsVisible = 0;
			defaultConfigurationName = Release;
		};
		5A6754EA28C4508300F1FED2 /* Build configuration list for PBXNativeTarget "twitterClone" */ = {
			isa = XCConfigurationList;
			buildConfigurations = (
				5A6754EB28C4508300F1FED2 /* Debug */,
				5A6754EC28C4508300F1FED2 /* Release */,
			);
			defaultConfigurationIsVisible = 0;
			defaultConfigurationName = Release;
		};
/* End XCConfigurationList section */
	};
	rootObject = 5A6754D428C4507D00F1FED2 /* Project object */;
}
